
Microsoft Visual Studio Solution File, Format Version 12.00
# Visual Studio Version 17
VisualStudioVersion = 17.11.35219.272
MinimumVisualStudioVersion = 10.0.40219.1
Project("{888888A0-9F3D-457C-B088-3A5042F75D52}") = "formula_radiusa_py", "formula_radiusa_py\formula_radiusa_py.pyproj", "{399715C2-7C65-4D57-AF70-B0FA9BF7B004}"
EndProject
Global
	GlobalSection(SolutionConfigurationPlatforms) = preSolution
		Debug|Any CPU = Debug|Any CPU
		Release|Any CPU = Release|Any CPU
	EndGlobalSection
	GlobalSection(ProjectConfigurationPlatforms) = postSolution
		{399715C2-7C65-4D57-AF70-B0FA9BF7B004}.Debug|Any CPU.ActiveCfg = Debug|Any CPU
		{399715C2-7C65-4D57-AF70-B0FA9BF7B004}.Release|Any CPU.ActiveCfg = Release|Any CPU
	EndGlobalSection
	GlobalSection(SolutionProperties) = preSolution
		HideSolutionNode = FALSE
	EndGlobalSection
	GlobalSection(ExtensibilityGlobals) = postSolution
		SolutionGuid = {45E69935-5FD9-4B4E-A221-7793A15FB0AD}
	EndGlobalSection
EndGlobal
